
Microsoft Visual Studio Solution File, Format Version 12.00
# Visual Studio Version 16
VisualStudioVersion = 16.0.31729.503
MinimumVisualStudioVersion = 10.0.40219.1
Project("{FAE04EC0-301F-11D3-BF4B-00C04F79EFBC}") = "BookListApplication", "BookListApplication.csproj", "{87EAD4A7-F13D-4379-BFF9-72C1DEC8C7FE}"
EndProject
Global
	GlobalSection(SolutionConfigurationPlatforms) = preSolution
		Debug|Any CPU = Debug|Any CPU
		Release|Any CPU = Release|Any CPU
	EndGlobalSection
	GlobalSection(ProjectConfigurationPlatforms) = postSolution
		{87EAD4A7-F13D-4379-BFF9-72C1DEC8C7FE}.Debug|Any CPU.ActiveCfg = Debug|Any CPU
		{87EAD4A7-F13D-4379-BFF9-72C1DEC8C7FE}.Debug|Any CPU.Build.0 = Debug|Any CPU
		{87EAD4A7-F13D-4379-BFF9-72C1DEC8C7FE}.Release|Any CPU.ActiveCfg = Release|Any CPU
		{87EAD4A7-F13D-4379-BFF9-72C1DEC8C7FE}.Release|Any CPU.Build.0 = Release|Any CPU
	EndGlobalSection
	GlobalSection(SolutionProperties) = preSolution
		HideSolutionNode = FALSE
	EndGlobalSection
	GlobalSection(ExtensibilityGlobals) = postSolution
		SolutionGuid = {0B411791-24A4-4D6E-B003-311E34EBED47}
	EndGlobalSection
EndGlobal
