
Microsoft Visual Studio Solution File, Format Version 12.00
# Visual Studio Version 16
VisualStudioVersion = 16.0.31729.503
MinimumVisualStudioVersion = 10.0.40219.1
Project("{FAE04EC0-301F-11D3-BF4B-00C04F79EFBC}") = "WpfApp5", "WpfApp5.csproj", "{DF52A984-D955-4CE5-A204-C843AA3A788D}"
EndProject
Global
	GlobalSection(SolutionConfigurationPlatforms) = preSolution
		Debug|Any CPU = Debug|Any CPU
		Release|Any CPU = Release|Any CPU
	EndGlobalSection
	GlobalSection(ProjectConfigurationPlatforms) = postSolution
		{DF52A984-D955-4CE5-A204-C843AA3A788D}.Debug|Any CPU.ActiveCfg = Debug|Any CPU
		{DF52A984-D955-4CE5-A204-C843AA3A788D}.Debug|Any CPU.Build.0 = Debug|Any CPU
		{DF52A984-D955-4CE5-A204-C843AA3A788D}.Release|Any CPU.ActiveCfg = Release|Any CPU
		{DF52A984-D955-4CE5-A204-C843AA3A788D}.Release|Any CPU.Build.0 = Release|Any CPU
	EndGlobalSection
	GlobalSection(SolutionProperties) = preSolution
		HideSolutionNode = FALSE
	EndGlobalSection
	GlobalSection(ExtensibilityGlobals) = postSolution
		SolutionGuid = {76B416BB-BAF6-47A7-83DC-DFA5F9385B84}
	EndGlobalSection
EndGlobal
