
Microsoft Visual Studio Solution File, Format Version 12.00
# Visual Studio Version 16
VisualStudioVersion = 16.0.31729.503
MinimumVisualStudioVersion = 10.0.40219.1
Project("{FAE04EC0-301F-11D3-BF4B-00C04F79EFBC}") = "WpfApp4", "WpfApp4.csproj", "{D4D11989-AC68-42DB-BBC8-576178A984BC}"
EndProject
Global
	GlobalSection(SolutionConfigurationPlatforms) = preSolution
		Debug|Any CPU = Debug|Any CPU
		Release|Any CPU = Release|Any CPU
	EndGlobalSection
	GlobalSection(ProjectConfigurationPlatforms) = postSolution
		{D4D11989-AC68-42DB-BBC8-576178A984BC}.Debug|Any CPU.ActiveCfg = Debug|Any CPU
		{D4D11989-AC68-42DB-BBC8-576178A984BC}.Debug|Any CPU.Build.0 = Debug|Any CPU
		{D4D11989-AC68-42DB-BBC8-576178A984BC}.Release|Any CPU.ActiveCfg = Release|Any CPU
		{D4D11989-AC68-42DB-BBC8-576178A984BC}.Release|Any CPU.Build.0 = Release|Any CPU
	EndGlobalSection
	GlobalSection(SolutionProperties) = preSolution
		HideSolutionNode = FALSE
	EndGlobalSection
	GlobalSection(ExtensibilityGlobals) = postSolution
		SolutionGuid = {8100FC96-F7BA-4409-94F3-D34ACCD4E262}
	EndGlobalSection
EndGlobal
